// !$*UTF8*$!
{
	archiveVersion = 1;
	classes = {
	};
	objectVersion = 48;
	objects = {

/* Begin PBXBuildFile section */
		511EDAEF21E0A7C1008ED9F4 /* AppDelegate.swift in Sources */ = {isa = PBXBuildFile; fileRef = 511EDAEE21E0A7C1008ED9F4 /* AppDelegate.swift */; };
		511EDAF421E0A7C1008ED9F4 /* Main.storyboard in Resources */ = {isa = PBXBuildFile; fileRef = 511EDAF221E0A7C1008ED9F4 /* Main.storyboard */; };
		511EDAF721E0A7C1008ED9F4 /* Contacts.xcdatamodeld in Sources */ = {isa = PBXBuildFile; fileRef = 511EDAF521E0A7C1008ED9F4 /* Contacts.xcdatamodeld */; };
		511EDAF921E0A7C1008ED9F4 /* Assets.xcassets in Resources */ = {isa = PBXBuildFile; fileRef = 511EDAF821E0A7C1008ED9F4 /* Assets.xcassets */; };
		511EDAFC21E0A7C1008ED9F4 /* LaunchScreen.storyboard in Resources */ = {isa = PBXBuildFile; fileRef = 511EDAFA21E0A7C1008ED9F4 /* LaunchScreen.storyboard */; };
		511EDB0721E0A7C1008ED9F4 /* ContactsTests.swift in Sources */ = {isa = PBXBuildFile; fileRef = 511EDB0621E0A7C1008ED9F4 /* ContactsTests.swift */; };
		511EDB1221E0A7C2008ED9F4 /* ContactsUITests.swift in Sources */ = {isa = PBXBuildFile; fileRef = 511EDB1121E0A7C2008ED9F4 /* ContactsUITests.swift */; };
		517E8F7221E217ED00D8B6A2 /* ContactsTableViewController.swift in Sources */ = {isa = PBXBuildFile; fileRef = 517E8F7121E217ED00D8B6A2 /* ContactsTableViewController.swift */; };
		517E8F7421E2188600D8B6A2 /* CreateContactViewController.swift in Sources */ = {isa = PBXBuildFile; fileRef = 517E8F7321E2188600D8B6A2 /* CreateContactViewController.swift */; };
		517E8F7721E21BD900D8B6A2 /* Contacts.swift in Sources */ = {isa = PBXBuildFile; fileRef = 517E8F7621E21BD900D8B6A2 /* Contacts.swift */; };
		517E8F7921E22E6900D8B6A2 /* ContactsDetailViewController.swift in Sources */ = {isa = PBXBuildFile; fileRef = 517E8F7821E22E6900D8B6A2 /* ContactsDetailViewController.swift */; };
/* End PBXBuildFile section */

/* Begin PBXContainerItemProxy section */
		511EDB0321E0A7C1008ED9F4 /* PBXContainerItemProxy */ = {
			isa = PBXContainerItemProxy;
			containerPortal = 511EDAE321E0A7C1008ED9F4 /* Project object */;
			proxyType = 1;
			remoteGlobalIDString = 511EDAEA21E0A7C1008ED9F4;
			remoteInfo = Contacts;
		};
		511EDB0E21E0A7C2008ED9F4 /* PBXContainerItemProxy */ = {
			isa = PBXContainerItemProxy;
			containerPortal = 511EDAE321E0A7C1008ED9F4 /* Project object */;
			proxyType = 1;
			remoteGlobalIDString = 511EDAEA21E0A7C1008ED9F4;
			remoteInfo = Contacts;
		};
/* End PBXContainerItemProxy section */

/* Begin PBXFileReference section */
		511EDAEB21E0A7C1008ED9F4 /* Contacts.app */ = {isa = PBXFileReference; explicitFileType = wrapper.application; includeInIndex = 0; path = Contacts.app; sourceTree = BUILT_PRODUCTS_DIR; };
		511EDAEE21E0A7C1008ED9F4 /* AppDelegate.swift */ = {isa = PBXFileReference; lastKnownFileType = sourcecode.swift; path = AppDelegate.swift; sourceTree = "<group>"; };
		511EDAF321E0A7C1008ED9F4 /* Base */ = {isa = PBXFileReference; lastKnownFileType = file.storyboard; name = Base; path = Base.lproj/Main.storyboard; sourceTree = "<group>"; };
		511EDAF621E0A7C1008ED9F4 /* Contacts.xcdatamodel */ = {isa = PBXFileReference; lastKnownFileType = wrapper.xcdatamodel; path = Contacts.xcdatamodel; sourceTree = "<group>"; };
		511EDAF821E0A7C1008ED9F4 /* Assets.xcassets */ = {isa = PBXFileReference; lastKnownFileType = folder.assetcatalog; path = Assets.xcassets; sourceTree = "<group>"; };
		511EDAFB21E0A7C1008ED9F4 /* Base */ = {isa = PBXFileReference; lastKnownFileType = file.storyboard; name = Base; path = Base.lproj/LaunchScreen.storyboard; sourceTree = "<group>"; };
		511EDAFD21E0A7C1008ED9F4 /* Info.plist */ = {isa = PBXFileReference; lastKnownFileType = text.plist.xml; path = Info.plist; sourceTree = "<group>"; };
		511EDB0221E0A7C1008ED9F4 /* ContactsTests.xctest */ = {isa = PBXFileReference; explicitFileType = wrapper.cfbundle; includeInIndex = 0; path = ContactsTests.xctest; sourceTree = BUILT_PRODUCTS_DIR; };
		511EDB0621E0A7C1008ED9F4 /* ContactsTests.swift */ = {isa = PBXFileReference; lastKnownFileType = sourcecode.swift; path = ContactsTests.swift; sourceTree = "<group>"; };
		511EDB0821E0A7C1008ED9F4 /* Info.plist */ = {isa = PBXFileReference; lastKnownFileType = text.plist.xml; path = Info.plist; sourceTree = "<group>"; };
		511EDB0D21E0A7C2008ED9F4 /* ContactsUITests.xctest */ = {isa = PBXFileReference; explicitFileType = wrapper.cfbundle; includeInIndex = 0; path = ContactsUITests.xctest; sourceTree = BUILT_PRODUCTS_DIR; };
		511EDB1121E0A7C2008ED9F4 /* ContactsUITests.swift */ = {isa = PBXFileReference; lastKnownFileType = sourcecode.swift; path = ContactsUITests.swift; sourceTree = "<group>"; };
		511EDB1321E0A7C2008ED9F4 /* Info.plist */ = {isa = PBXFileReference; lastKnownFileType = text.plist.xml; path = Info.plist; sourceTree = "<group>"; };
		517E8F7121E217ED00D8B6A2 /* ContactsTableViewController.swift */ = {isa = PBXFileReference; lastKnownFileType = sourcecode.swift; path = ContactsTableViewController.swift; sourceTree = "<group>"; };
		517E8F7321E2188600D8B6A2 /* CreateContactViewController.swift */ = {isa = PBXFileReference; lastKnownFileType = sourcecode.swift; path = CreateContactViewController.swift; sourceTree = "<group>"; };
		517E8F7621E21BD900D8B6A2 /* Contacts.swift */ = {isa = PBXFileReference; lastKnownFileType = sourcecode.swift; path = Contacts.swift; sourceTree = "<group>"; };
		517E8F7821E22E6900D8B6A2 /* ContactsDetailViewController.swift */ = {isa = PBXFileReference; lastKnownFileType = sourcecode.swift; path = ContactsDetailViewController.swift; sourceTree = "<group>"; };
/* End PBXFileReference section */

/* Begin PBXFrameworksBuildPhase section */
		511EDAE821E0A7C1008ED9F4 /* Frameworks */ = {
			isa = PBXFrameworksBuildPhase;
			buildActionMask = 2147483647;
			files = (
			);
			runOnlyForDeploymentPostprocessing = 0;
		};
		511EDAFF21E0A7C1008ED9F4 /* Frameworks */ = {
			isa = PBXFrameworksBuildPhase;
			buildActionMask = 2147483647;
			files = (
			);
			runOnlyForDeploymentPostprocessing = 0;
		};
		511EDB0A21E0A7C2008ED9F4 /* Frameworks */ = {
			isa = PBXFrameworksBuildPhase;
			buildActionMask = 2147483647;
			files = (
			);
			runOnlyForDeploymentPostprocessing = 0;
		};
/* End PBXFrameworksBuildPhase section */

/* Begin PBXGroup section */
		511EDAE221E0A7C1008ED9F4 = {
			isa = PBXGroup;
			children = (
				517E8F7521E21BC400D8B6A2 /* Model */,
				517E8F6F21E2174D00D8B6A2 /* AppDelegate */,
				517E8F7021E2179200D8B6A2 /* Controllers */,
				511EDAED21E0A7C1008ED9F4 /* Contacts */,
				511EDB0521E0A7C1008ED9F4 /* ContactsTests */,
				511EDB1021E0A7C2008ED9F4 /* ContactsUITests */,
				511EDAEC21E0A7C1008ED9F4 /* Products */,
			);
			sourceTree = "<group>";
		};
		511EDAEC21E0A7C1008ED9F4 /* Products */ = {
			isa = PBXGroup;
			children = (
				511EDAEB21E0A7C1008ED9F4 /* Contacts.app */,
				511EDB0221E0A7C1008ED9F4 /* ContactsTests.xctest */,
				511EDB0D21E0A7C2008ED9F4 /* ContactsUITests.xctest */,
			);
			name = Products;
			sourceTree = "<group>";
		};
		511EDAED21E0A7C1008ED9F4 /* Contacts */ = {
			isa = PBXGroup;
			children = (
				511EDAF221E0A7C1008ED9F4 /* Main.storyboard */,
				511EDAF821E0A7C1008ED9F4 /* Assets.xcassets */,
				511EDAFA21E0A7C1008ED9F4 /* LaunchScreen.storyboard */,
				511EDAFD21E0A7C1008ED9F4 /* Info.plist */,
				511EDAF521E0A7C1008ED9F4 /* Contacts.xcdatamodeld */,
			);
			path = Contacts;
			sourceTree = "<group>";
		};
		511EDB0521E0A7C1008ED9F4 /* ContactsTests */ = {
			isa = PBXGroup;
			children = (
				511EDB0621E0A7C1008ED9F4 /* ContactsTests.swift */,
				511EDB0821E0A7C1008ED9F4 /* Info.plist */,
			);
			path = ContactsTests;
			sourceTree = "<group>";
		};
		511EDB1021E0A7C2008ED9F4 /* ContactsUITests */ = {
			isa = PBXGroup;
			children = (
				511EDB1121E0A7C2008ED9F4 /* ContactsUITests.swift */,
				511EDB1321E0A7C2008ED9F4 /* Info.plist */,
			);
			path = ContactsUITests;
			sourceTree = "<group>";
		};
		517E8F6F21E2174D00D8B6A2 /* AppDelegate */ = {
			isa = PBXGroup;
			children = (
				511EDAEE21E0A7C1008ED9F4 /* AppDelegate.swift */,
			);
			path = AppDelegate;
			sourceTree = "<group>";
		};
		517E8F7021E2179200D8B6A2 /* Controllers */ = {
			isa = PBXGroup;
			children = (
				517E8F7121E217ED00D8B6A2 /* ContactsTableViewController.swift */,
				517E8F7321E2188600D8B6A2 /* CreateContactViewController.swift */,
				517E8F7821E22E6900D8B6A2 /* ContactsDetailViewController.swift */,
			);
			path = Controllers;
			sourceTree = "<group>";
		};
		517E8F7521E21BC400D8B6A2 /* Model */ = {
			isa = PBXGroup;
			children = (
				517E8F7621E21BD900D8B6A2 /* Contacts.swift */,
			);
			path = Model;
			sourceTree = "<group>";
		};
/* End PBXGroup section */

/* Begin PBXNativeTarget section */
		511EDAEA21E0A7C1008ED9F4 /* Contacts */ = {
			isa = PBXNativeTarget;
			buildConfigurationList = 511EDB1621E0A7C2008ED9F4 /* Build configuration list for PBXNativeTarget "Contacts" */;
			buildPhases = (
				511EDAE721E0A7C1008ED9F4 /* Sources */,
				511EDAE821E0A7C1008ED9F4 /* Frameworks */,
				511EDAE921E0A7C1008ED9F4 /* Resources */,
			);
			buildRules = (
			);
			dependencies = (
			);
			name = Contacts;
			productName = Contacts;
			productReference = 511EDAEB21E0A7C1008ED9F4 /* Contacts.app */;
			productType = "com.apple.product-type.application";
		};
		511EDB0121E0A7C1008ED9F4 /* ContactsTests */ = {
			isa = PBXNativeTarget;
			buildConfigurationList = 511EDB1921E0A7C2008ED9F4 /* Build configuration list for PBXNativeTarget "ContactsTests" */;
			buildPhases = (
				511EDAFE21E0A7C1008ED9F4 /* Sources */,
				511EDAFF21E0A7C1008ED9F4 /* Frameworks */,
				511EDB0021E0A7C1008ED9F4 /* Resources */,
			);
			buildRules = (
			);
			dependencies = (
				511EDB0421E0A7C1008ED9F4 /* PBXTargetDependency */,
			);
			name = ContactsTests;
			productName = ContactsTests;
			productReference = 511EDB0221E0A7C1008ED9F4 /* ContactsTests.xctest */;
			productType = "com.apple.product-type.bundle.unit-test";
		};
		511EDB0C21E0A7C2008ED9F4 /* ContactsUITests */ = {
			isa = PBXNativeTarget;
			buildConfigurationList = 511EDB1C21E0A7C2008ED9F4 /* Build configuration list for PBXNativeTarget "ContactsUITests" */;
			buildPhases = (
				511EDB0921E0A7C2008ED9F4 /* Sources */,
				511EDB0A21E0A7C2008ED9F4 /* Frameworks */,
				511EDB0B21E0A7C2008ED9F4 /* Resources */,
			);
			buildRules = (
			);
			dependencies = (
				511EDB0F21E0A7C2008ED9F4 /* PBXTargetDependency */,
			);
			name = ContactsUITests;
			productName = ContactsUITests;
			productReference = 511EDB0D21E0A7C2008ED9F4 /* ContactsUITests.xctest */;
			productType = "com.apple.product-type.bundle.ui-testing";
		};
/* End PBXNativeTarget section */

/* Begin PBXProject section */
		511EDAE321E0A7C1008ED9F4 /* Project object */ = {
			isa = PBXProject;
			attributes = {
				LastSwiftUpdateCheck = 0910;
				LastUpgradeCheck = 0910;
				ORGANIZATIONNAME = tecmax;
				TargetAttributes = {
					511EDAEA21E0A7C1008ED9F4 = {
						CreatedOnToolsVersion = 9.1;
						ProvisioningStyle = Automatic;
					};
					511EDB0121E0A7C1008ED9F4 = {
						CreatedOnToolsVersion = 9.1;
						ProvisioningStyle = Automatic;
						TestTargetID = 511EDAEA21E0A7C1008ED9F4;
					};
					511EDB0C21E0A7C2008ED9F4 = {
						CreatedOnToolsVersion = 9.1;
						ProvisioningStyle = Automatic;
						TestTargetID = 511EDAEA21E0A7C1008ED9F4;
					};
				};
			};
			buildConfigurationList = 511EDAE621E0A7C1008ED9F4 /* Build configuration list for PBXProject "Contacts" */;
			compatibilityVersion = "Xcode 8.0";
			developmentRegion = en;
			hasScannedForEncodings = 0;
			knownRegions = (
				en,
				Base,
			);
			mainGroup = 511EDAE221E0A7C1008ED9F4;
			productRefGroup = 511EDAEC21E0A7C1008ED9F4 /* Products */;
			projectDirPath = "";
			projectRoot = "";
			targets = (
				511EDAEA21E0A7C1008ED9F4 /* Contacts */,
				511EDB0121E0A7C1008ED9F4 /* ContactsTests */,
				511EDB0C21E0A7C2008ED9F4 /* ContactsUITests */,
			);
		};
/* End PBXProject section */

/* Begin PBXResourcesBuildPhase section */
		511EDAE921E0A7C1008ED9F4 /* Resources */ = {
			isa = PBXResourcesBuildPhase;
			buildActionMask = 2147483647;
			files = (
				511EDAFC21E0A7C1008ED9F4 /* LaunchScreen.storyboard in Resources */,
				511EDAF921E0A7C1008ED9F4 /* Assets.xcassets in Resources */,
				511EDAF421E0A7C1008ED9F4 /* Main.storyboard in Resources */,
			);
			runOnlyForDeploymentPostprocessing = 0;
		};
		511EDB0021E0A7C1008ED9F4 /* Resources */ = {
			isa = PBXResourcesBuildPhase;
			buildActionMask = 2147483647;
			files = (
			);
			runOnlyForDeploymentPostprocessing = 0;
		};
		511EDB0B21E0A7C2008ED9F4 /* Resources */ = {
			isa = PBXResourcesBuildPhase;
			buildActionMask = 2147483647;
			files = (
			);
			runOnlyForDeploymentPostprocessing = 0;
		};
/* End PBXResourcesBuildPhase section */

/* Begin PBXSourcesBuildPhase section */
		511EDAE721E0A7C1008ED9F4 /* Sources */ = {
			isa = PBXSourcesBuildPhase;
			buildActionMask = 2147483647;
			files = (
				511EDAEF21E0A7C1008ED9F4 /* AppDelegate.swift in Sources */,
				517E8F7421E2188600D8B6A2 /* CreateContactViewController.swift in Sources */,
				517E8F7921E22E6900D8B6A2 /* ContactsDetailViewController.swift in Sources */,
				511EDAF721E0A7C1008ED9F4 /* Contacts.xcdatamodeld in Sources */,
				517E8F7221E217ED00D8B6A2 /* ContactsTableViewController.swift in Sources */,
				517E8F7721E21BD900D8B6A2 /* Contacts.swift in Sources */,
			);
			runOnlyForDeploymentPostprocessing = 0;
		};
		511EDAFE21E0A7C1008ED9F4 /* Sources */ = {
			isa = PBXSourcesBuildPhase;
			buildActionMask = 2147483647;
			files = (
				511EDB0721E0A7C1008ED9F4 /* ContactsTests.swift in Sources */,
			);
			runOnlyForDeploymentPostprocessing = 0;
		};
		511EDB0921E0A7C2008ED9F4 /* Sources */ = {
			isa = PBXSourcesBuildPhase;
			buildActionMask = 2147483647;
			files = (
				511EDB1221E0A7C2008ED9F4 /* ContactsUITests.swift in Sources */,
			);
			runOnlyForDeploymentPostprocessing = 0;
		};
/* End PBXSourcesBuildPhase section */

/* Begin PBXTargetDependency section */
		511EDB0421E0A7C1008ED9F4 /* PBXTargetDependency */ = {
			isa = PBXTargetDependency;
			target = 511EDAEA21E0A7C1008ED9F4 /* Contacts */;
			targetProxy = 511EDB0321E0A7C1008ED9F4 /* PBXContainerItemProxy */;
		};
		511EDB0F21E0A7C2008ED9F4 /* PBXTargetDependency */ = {
			isa = PBXTargetDependency;
			target = 511EDAEA21E0A7C1008ED9F4 /* Contacts */;
			targetProxy = 511EDB0E21E0A7C2008ED9F4 /* PBXContainerItemProxy */;
		};
/* End PBXTargetDependency section */

/* Begin PBXVariantGroup section */
		511EDAF221E0A7C1008ED9F4 /* Main.storyboard */ = {
			isa = PBXVariantGroup;
			children = (
				511EDAF321E0A7C1008ED9F4 /* Base */,
			);
			name = Main.storyboard;
			sourceTree = "<group>";
		};
		511EDAFA21E0A7C1008ED9F4 /* LaunchScreen.storyboard */ = {
			isa = PBXVariantGroup;
			children = (
				511EDAFB21E0A7C1008ED9F4 /* Base */,
			);
			name = LaunchScreen.storyboard;
			sourceTree = "<group>";
		};
/* End PBXVariantGroup section */

/* Begin XCBuildConfiguration section */
		511EDB1421E0A7C2008ED9F4 /* Debug */ = {
			isa = XCBuildConfiguration;
			buildSettings = {
				ALWAYS_SEARCH_USER_PATHS = NO;
				CLANG_ANALYZER_NONNULL = YES;
				CLANG_ANALYZER_NUMBER_OBJECT_CONVERSION = YES_AGGRESSIVE;
				CLANG_CXX_LANGUAGE_STANDARD = "gnu++14";
				CLANG_CXX_LIBRARY = "libc++";
				CLANG_ENABLE_MODULES = YES;
				CLANG_ENABLE_OBJC_ARC = YES;
				CLANG_WARN_BLOCK_CAPTURE_AUTORELEASING = YES;
				CLANG_WARN_BOOL_CONVERSION = YES;
				CLANG_WARN_COMMA = YES;
				CLANG_WARN_CONSTANT_CONVERSION = YES;
				CLANG_WARN_DIRECT_OBJC_ISA_USAGE = YES_ERROR;
				CLANG_WARN_DOCUMENTATION_COMMENTS = YES;
				CLANG_WARN_EMPTY_BODY = YES;
				CLANG_WARN_ENUM_CONVERSION = YES;
				CLANG_WARN_INFINITE_RECURSION = YES;
				CLANG_WARN_INT_CONVERSION = YES;
				CLANG_WARN_NON_LITERAL_NULL_CONVERSION = YES;
				CLANG_WARN_OBJC_LITERAL_CONVERSION = YES;
				CLANG_WARN_OBJC_ROOT_CLASS = YES_ERROR;
				CLANG_WARN_RANGE_LOOP_ANALYSIS = YES;
				CLANG_WARN_STRICT_PROTOTYPES = YES;
				CLANG_WARN_SUSPICIOUS_MOVE = YES;
				CLANG_WARN_UNGUARDED_AVAILABILITY = YES_AGGRESSIVE;
				CLANG_WARN_UNREACHABLE_CODE = YES;
				CLANG_WARN__DUPLICATE_METHOD_MATCH = YES;
				CODE_SIGN_IDENTITY = "iPhone Developer";
				COPY_PHASE_STRIP = NO;
				DEBUG_INFORMATION_FORMAT = dwarf;
				ENABLE_STRICT_OBJC_MSGSEND = YES;
				ENABLE_TESTABILITY = YES;
				GCC_C_LANGUAGE_STANDARD = gnu11;
				GCC_DYNAMIC_NO_PIC = NO;
				GCC_NO_COMMON_BLOCKS = YES;
				GCC_OPTIMIZATION_LEVEL = 0;
				GCC_PREPROCESSOR_DEFINITIONS = (
					"DEBUG=1",
					"$(inherited)",
				);
				GCC_WARN_64_TO_32_BIT_CONVERSION = YES;
				GCC_WARN_ABOUT_RETURN_TYPE = YES_ERROR;
				GCC_WARN_UNDECLARED_SELECTOR = YES;
				GCC_WARN_UNINITIALIZED_AUTOS = YES_AGGRESSIVE;
				GCC_WARN_UNUSED_FUNCTION = YES;
				GCC_WARN_UNUSED_VARIABLE = YES;
				IPHONEOS_DEPLOYMENT_TARGET = 11.1;
				MTL_ENABLE_DEBUG_INFO = YES;
				ONLY_ACTIVE_ARCH = YES;
				SDKROOT = iphoneos;
				SWIFT_ACTIVE_COMPILATION_CONDITIONS = DEBUG;
				SWIFT_OPTIMIZATION_LEVEL = "-Onone";
			};
			name = Debug;
		};
		511EDB1521E0A7C2008ED9F4 /* Release */ = {
			isa = XCBuildConfiguration;
			buildSettings = {
				ALWAYS_SEARCH_USER_PATHS = NO;
				CLANG_ANALYZER_NONNULL = YES;
				CLANG_ANALYZER_NUMBER_OBJECT_CONVERSION = YES_AGGRESSIVE;
				CLANG_CXX_LANGUAGE_STANDARD = "gnu++14";
				CLANG_CXX_LIBRARY = "libc++";
				CLANG_ENABLE_MODULES = YES;
				CLANG_ENABLE_OBJC_ARC = YES;
				CLANG_WARN_BLOCK_CAPTURE_AUTORELEASING = YES;
				CLANG_WARN_BOOL_CONVERSION = YES;
				CLANG_WARN_COMMA = YES;
				CLANG_WARN_CONSTANT_CONVERSION = YES;
				CLANG_WARN_DIRECT_OBJC_ISA_USAGE = YES_ERROR;
				CLANG_WARN_DOCUMENTATION_COMMENTS = YES;
				CLANG_WARN_EMPTY_BODY = YES;
				CLANG_WARN_ENUM_CONVERSION = YES;
				CLANG_WARN_INFINITE_RECURSION = YES;
				CLANG_WARN_INT_CONVERSION = YES;
				CLANG_WARN_NON_LITERAL_NULL_CONVERSION = YES;
				CLANG_WARN_OBJC_LITERAL_CONVERSION = YES;
				CLANG_WARN_OBJC_ROOT_CLASS = YES_ERROR;
				CLANG_WARN_RANGE_LOOP_ANALYSIS = YES;
				CLANG_WARN_STRICT_PROTOTYPES = YES;
				CLANG_WARN_SUSPICIOUS_MOVE = YES;
				CLANG_WARN_UNGUARDED_AVAILABILITY = YES_AGGRESSIVE;
				CLANG_WARN_UNREACHABLE_CODE = YES;
				CLANG_WARN__DUPLICATE_METHOD_MATCH = YES;
				CODE_SIGN_IDENTITY = "iPhone Developer";
				COPY_PHASE_STRIP = NO;
				DEBUG_INFORMATION_FORMAT = "dwarf-with-dsym";
				ENABLE_NS_ASSERTIONS = NO;
				ENABLE_STRICT_OBJC_MSGSEND = YES;
				GCC_C_LANGUAGE_STANDARD = gnu11;
				GCC_NO_COMMON_BLOCKS = YES;
				GCC_WARN_64_TO_32_BIT_CONVERSION = YES;
				GCC_WARN_ABOUT_RETURN_TYPE = YES_ERROR;
				GCC_WARN_UNDECLARED_SELECTOR = YES;
				GCC_WARN_UNINITIALIZED_AUTOS = YES_AGGRESSIVE;
				GCC_WARN_UNUSED_FUNCTION = YES;
				GCC_WARN_UNUSED_VARIABLE = YES;
				IPHONEOS_DEPLOYMENT_TARGET = 11.1;
				MTL_ENABLE_DEBUG_INFO = NO;
				SDKROOT = iphoneos;
				SWIFT_OPTIMIZATION_LEVEL = "-Owholemodule";
				VALIDATE_PRODUCT = YES;
			};
			name = Release;
		};
		511EDB1721E0A7C2008ED9F4 /* Debug */ = {
			isa = XCBuildConfiguration;
			buildSettings = {
				ASSETCATALOG_COMPILER_APPICON_NAME = AppIcon;
				CODE_SIGN_STYLE = Automatic;
				DEVELOPMENT_TEAM = 2UCGG64TMQ;
				INFOPLIST_FILE = Contacts/Info.plist;
				LD_RUNPATH_SEARCH_PATHS = "$(inherited) @executable_path/Frameworks";
				PRODUCT_BUNDLE_IDENTIFIER = com.tejashwini.contacts;
				PRODUCT_NAME = "$(TARGET_NAME)";
				SWIFT_VERSION = 4.0;
				TARGETED_DEVICE_FAMILY = "1,2";
			};
			name = Debug;
		};
		511EDB1821E0A7C2008ED9F4 /* Release */ = {
			isa = XCBuildConfiguration;
			buildSettings = {
				ASSETCATALOG_COMPILER_APPICON_NAME = AppIcon;
				CODE_SIGN_STYLE = Automatic;
				DEVELOPMENT_TEAM = 2UCGG64TMQ;
				INFOPLIST_FILE = Contacts/Info.plist;
				LD_RUNPATH_SEARCH_PATHS = "$(inherited) @executable_path/Frameworks";
				PRODUCT_BUNDLE_IDENTIFIER = com.tejashwini.contacts;
				PRODUCT_NAME = "$(TARGET_NAME)";
				SWIFT_VERSION = 4.0;
				TARGETED_DEVICE_FAMILY = "1,2";
			};
			name = Release;
		};
		511EDB1A21E0A7C2008ED9F4 /* Debug */ = {
			isa = XCBuildConfiguration;
			buildSettings = {
				ALWAYS_EMBED_SWIFT_STANDARD_LIBRARIES = YES;
				BUNDLE_LOADER = "$(TEST_HOST)";
				CODE_SIGN_STYLE = Automatic;
				DEVELOPMENT_TEAM = 2UCGG64TMQ;
				INFOPLIST_FILE = ContactsTests/Info.plist;
				LD_RUNPATH_SEARCH_PATHS = "$(inherited) @executable_path/Frameworks @loader_path/Frameworks";
				PRODUCT_BUNDLE_IDENTIFIER = com.tecmax.ContactsTests;
				PRODUCT_NAME = "$(TARGET_NAME)";
				SWIFT_VERSION = 4.0;
				TARGETED_DEVICE_FAMILY = "1,2";
				TEST_HOST = "$(BUILT_PRODUCTS_DIR)/Contacts.app/Contacts";
			};
			name = Debug;
		};
		511EDB1B21E0A7C2008ED9F4 /* Release */ = {
			isa = XCBuildConfiguration;
			buildSettings = {
				ALWAYS_EMBED_SWIFT_STANDARD_LIBRARIES = YES;
				BUNDLE_LOADER = "$(TEST_HOST)";
				CODE_SIGN_STYLE = Automatic;
				DEVELOPMENT_TEAM = 2UCGG64TMQ;
				INFOPLIST_FILE = ContactsTests/Info.plist;
				LD_RUNPATH_SEARCH_PATHS = "$(inherited) @executable_path/Frameworks @loader_path/Frameworks";
				PRODUCT_BUNDLE_IDENTIFIER = com.tecmax.ContactsTests;
				PRODUCT_NAME = "$(TARGET_NAME)";
				SWIFT_VERSION = 4.0;
				TARGETED_DEVICE_FAMILY = "1,2";
				TEST_HOST = "$(BUILT_PRODUCTS_DIR)/Contacts.app/Contacts";
			};
			name = Release;
		};
		511EDB1D21E0A7C2008ED9F4 /* Debug */ = {
			isa = XCBuildConfiguration;
			buildSettings = {
				ALWAYS_EMBED_SWIFT_STANDARD_LIBRARIES = YES;
				CODE_SIGN_STYLE = Automatic;
				DEVELOPMENT_TEAM = 2UCGG64TMQ;
				INFOPLIST_FILE = ContactsUITests/Info.plist;
				LD_RUNPATH_SEARCH_PATHS = "$(inherited) @executable_path/Frameworks @loader_path/Frameworks";
				PRODUCT_BUNDLE_IDENTIFIER = com.tecmax.ContactsUITests;
				PRODUCT_NAME = "$(TARGET_NAME)";
				SWIFT_VERSION = 4.0;
				TARGETED_DEVICE_FAMILY = "1,2";
				TEST_TARGET_NAME = Contacts;
			};
			name = Debug;
		};
		511EDB1E21E0A7C2008ED9F4 /* Release */ = {
			isa = XCBuildConfiguration;
			buildSettings = {
				ALWAYS_EMBED_SWIFT_STANDARD_LIBRARIES = YES;
				CODE_SIGN_STYLE = Automatic;
				DEVELOPMENT_TEAM = 2UCGG64TMQ;
				INFOPLIST_FILE = ContactsUITests/Info.plist;
				LD_RUNPATH_SEARCH_PATHS = "$(inherited) @executable_path/Frameworks @loader_path/Frameworks";
				PRODUCT_BUNDLE_IDENTIFIER = com.tecmax.ContactsUITests;
				PRODUCT_NAME = "$(TARGET_NAME)";
				SWIFT_VERSION = 4.0;
				TARGETED_DEVICE_FAMILY = "1,2";
				TEST_TARGET_NAME = Contacts;
			};
			name = Release;
		};
/* End XCBuildConfiguration section */

/* Begin XCConfigurationList section */
		511EDAE621E0A7C1008ED9F4 /* Build configuration list for PBXProject "Contacts" */ = {
			isa = XCConfigurationList;
			buildConfigurations = (
				511EDB1421E0A7C2008ED9F4 /* Debug */,
				511EDB1521E0A7C2008ED9F4 /* Release */,
			);
			defaultConfigurationIsVisible = 0;
			defaultConfigurationName = Release;
		};
		511EDB1621E0A7C2008ED9F4 /* Build configuration list for PBXNativeTarget "Contacts" */ = {
			isa = XCConfigurationList;
			buildConfigurations = (
				511EDB1721E0A7C2008ED9F4 /* Debug */,
				511EDB1821E0A7C2008ED9F4 /* Release */,
			);
			defaultConfigurationIsVisible = 0;
			defaultConfigurationName = Release;
		};
		511EDB1921E0A7C2008ED9F4 /* Build configuration list for PBXNativeTarget "ContactsTests" */ = {
			isa = XCConfigurationList;
			buildConfigurations = (
				511EDB1A21E0A7C2008ED9F4 /* Debug */,
				511EDB1B21E0A7C2008ED9F4 /* Release */,
			);
			defaultConfigurationIsVisible = 0;
			defaultConfigurationName = Release;
		};
		511EDB1C21E0A7C2008ED9F4 /* Build configuration list for PBXNativeTarget "ContactsUITests" */ = {
			isa = XCConfigurationList;
			buildConfigurations = (
				511EDB1D21E0A7C2008ED9F4 /* Debug */,
				511EDB1E21E0A7C2008ED9F4 /* Release */,
			);
			defaultConfigurationIsVisible = 0;
			defaultConfigurationName = Release;
		};
/* End XCConfigurationList section */

/* Begin XCVersionGroup section */
		511EDAF521E0A7C1008ED9F4 /* Contacts.xcdatamodeld */ = {
			isa = XCVersionGroup;
			children = (
				511EDAF621E0A7C1008ED9F4 /* Contacts.xcdatamodel */,
			);
			currentVersion = 511EDAF621E0A7C1008ED9F4 /* Contacts.xcdatamodel */;
			path = Contacts.xcdatamodeld;
			sourceTree = "<group>";
			versionGroupType = wrapper.xcdatamodel;
		};
/* End XCVersionGroup section */
	};
	rootObject = 511EDAE321E0A7C1008ED9F4 /* Project object */;
}
